
Microsoft Visual Studio Solution File, Format Version 11.00
# Visual Studio 2010
Project("{8BC9CEB8-8B4A-11D0-8D11-00A0C91BC942}") = "mapnik", "mapnik\mapnik.vcxproj", "{7FD3FABB-19EA-4888-97FA-A6C93E61C560}"
	ProjectSection(ProjectDependencies) = postProject
		{5DD16919-806D-4FD7-BB3B-BD0C5824A89C} = {5DD16919-806D-4FD7-BB3B-BD0C5824A89C}
	EndProjectSection
EndProject
Project("{8BC9CEB8-8B4A-11D0-8D11-00A0C91BC942}") = "agg", "agg\agg.vcxproj", "{5DD16919-806D-4FD7-BB3B-BD0C5824A89C}"
EndProject
Project("{2150E333-8FDC-42A3-9474-1A3956D46DE8}") = "input", "input", "{2597B59C-3B2F-4170-90B0-F4B3FEC32758}"
EndProject
Project("{8BC9CEB8-8B4A-11D0-8D11-00A0C91BC942}") = "shape", "shape\shape.vcxproj", "{B2AF7A4A-E8E9-456F-BD92-5993B077942F}"
EndProject
Project("{8BC9CEB8-8B4A-11D0-8D11-00A0C91BC942}") = "shapeindex", "shapeindex\shapeindex.vcxproj", "{A8398864-1AD9-4CF3-8BDF-6B4D2B852698}"
EndProject
Project("{8BC9CEB8-8B4A-11D0-8D11-00A0C91BC942}") = "sqlite", "sqlite\sqlite.vcxproj", "{7A9388FB-53F0-44B6-B470-6F0AAF9FD8E4}"
EndProject
Project("{2150E333-8FDC-42A3-9474-1A3956D46DE8}") = "tests", "tests", "{3A7775D2-DF0D-45F8-8EFA-6BFA4D83EA25}"
EndProject
Project("{8BC9CEB8-8B4A-11D0-8D11-00A0C91BC942}") = "demo", "demo\demo.vcxproj", "{5FC71101-FC02-4903-A490-933307790410}"
EndProject
Project("{8BC9CEB8-8B4A-11D0-8D11-00A0C91BC942}") = "raster", "raster\raster.vcxproj", "{87FB23E9-7619-419D-B52D-4E2BA1F90841}"
EndProject
Project("{8BC9CEB8-8B4A-11D0-8D11-00A0C91BC942}") = "svg2png", "svg2png\svg2png.vcxproj", "{431AD243-570C-4658-8DDF-5D1BEFC558D0}"
EndProject
Project("{2150E333-8FDC-42A3-9474-1A3956D46DE8}") = "utils", "utils", "{E462766E-3885-460A-85B7-EBF3C0F0F334}"
EndProject
Project("{8BC9CEB8-8B4A-11D0-8D11-00A0C91BC942}") = "benchmark", "benchmark\benchmark.vcxproj", "{CA601276-B333-44A7-9300-3998F66F32AB}"
EndProject
Project("{2150E333-8FDC-42A3-9474-1A3956D46DE8}") = "python", "python", "{62929E2D-220F-4497-9E96-A25C279D906D}"
EndProject
Project("{8BC9CEB8-8B4A-11D0-8D11-00A0C91BC942}") = "_mapnik", "_mapnik\_mapnik.vcxproj", "{B9340611-349B-4FF7-A690-59E437393EB5}"
EndProject
Project("{8BC9CEB8-8B4A-11D0-8D11-00A0C91BC942}") = "csv", "csv\csv.vcxproj", "{E01299CF-E68A-43FB-8FB9-12090DCC2AC5}"
EndProject
Project("{8BC9CEB8-8B4A-11D0-8D11-00A0C91BC942}") = "geojson", "geojson\geojson.vcxproj", "{F2088FCF-C67B-4A9F-986A-2ABF61C9844D}"
EndProject
Project("{8BC9CEB8-8B4A-11D0-8D11-00A0C91BC942}") = "gdal", "gdal\gdal.vcxproj", "{75B1701E-8CB4-431D-9D82-885266939A8B}"
EndProject
Project("{8BC9CEB8-8B4A-11D0-8D11-00A0C91BC942}") = "ogr", "ogr\ogr.vcxproj", "{57CADB86-3AE2-48A7-A7B0-FA043156341D}"
EndProject
Project("{8BC9CEB8-8B4A-11D0-8D11-00A0C91BC942}") = "osm", "osm\osm.vcxproj", "{A3E51475-FC28-4235-AB8A-371073880D67}"
EndProject
Global
	GlobalSection(SolutionConfigurationPlatforms) = preSolution
		Debug|Win32 = Debug|Win32
		Release|Win32 = Release|Win32
	EndGlobalSection
	GlobalSection(ProjectConfigurationPlatforms) = postSolution
		{7FD3FABB-19EA-4888-97FA-A6C93E61C560}.Debug|Win32.ActiveCfg = Debug|Win32
		{7FD3FABB-19EA-4888-97FA-A6C93E61C560}.Debug|Win32.Build.0 = Debug|Win32
		{7FD3FABB-19EA-4888-97FA-A6C93E61C560}.Release|Win32.ActiveCfg = Release|Win32
		{7FD3FABB-19EA-4888-97FA-A6C93E61C560}.Release|Win32.Build.0 = Release|Win32
		{5DD16919-806D-4FD7-BB3B-BD0C5824A89C}.Debug|Win32.ActiveCfg = Debug|Win32
		{5DD16919-806D-4FD7-BB3B-BD0C5824A89C}.Debug|Win32.Build.0 = Debug|Win32
		{5DD16919-806D-4FD7-BB3B-BD0C5824A89C}.Release|Win32.ActiveCfg = Release|Win32
		{5DD16919-806D-4FD7-BB3B-BD0C5824A89C}.Release|Win32.Build.0 = Release|Win32
		{B2AF7A4A-E8E9-456F-BD92-5993B077942F}.Debug|Win32.ActiveCfg = Debug|Win32
		{B2AF7A4A-E8E9-456F-BD92-5993B077942F}.Debug|Win32.Build.0 = Debug|Win32
		{B2AF7A4A-E8E9-456F-BD92-5993B077942F}.Release|Win32.ActiveCfg = Release|Win32
		{B2AF7A4A-E8E9-456F-BD92-5993B077942F}.Release|Win32.Build.0 = Release|Win32
		{A8398864-1AD9-4CF3-8BDF-6B4D2B852698}.Debug|Win32.ActiveCfg = Debug|Win32
		{A8398864-1AD9-4CF3-8BDF-6B4D2B852698}.Debug|Win32.Build.0 = Debug|Win32
		{A8398864-1AD9-4CF3-8BDF-6B4D2B852698}.Release|Win32.ActiveCfg = Release|Win32
		{A8398864-1AD9-4CF3-8BDF-6B4D2B852698}.Release|Win32.Build.0 = Release|Win32
		{7A9388FB-53F0-44B6-B470-6F0AAF9FD8E4}.Debug|Win32.ActiveCfg = Debug|Win32
		{7A9388FB-53F0-44B6-B470-6F0AAF9FD8E4}.Debug|Win32.Build.0 = Debug|Win32
		{7A9388FB-53F0-44B6-B470-6F0AAF9FD8E4}.Release|Win32.ActiveCfg = Release|Win32
		{7A9388FB-53F0-44B6-B470-6F0AAF9FD8E4}.Release|Win32.Build.0 = Release|Win32
		{5FC71101-FC02-4903-A490-933307790410}.Debug|Win32.ActiveCfg = Debug|Win32
		{5FC71101-FC02-4903-A490-933307790410}.Debug|Win32.Build.0 = Debug|Win32
		{5FC71101-FC02-4903-A490-933307790410}.Release|Win32.ActiveCfg = Release|Win32
		{5FC71101-FC02-4903-A490-933307790410}.Release|Win32.Build.0 = Release|Win32
		{87FB23E9-7619-419D-B52D-4E2BA1F90841}.Debug|Win32.ActiveCfg = Debug|Win32
		{87FB23E9-7619-419D-B52D-4E2BA1F90841}.Debug|Win32.Build.0 = Debug|Win32
		{87FB23E9-7619-419D-B52D-4E2BA1F90841}.Release|Win32.ActiveCfg = Release|Win32
		{87FB23E9-7619-419D-B52D-4E2BA1F90841}.Release|Win32.Build.0 = Release|Win32
		{431AD243-570C-4658-8DDF-5D1BEFC558D0}.Debug|Win32.ActiveCfg = Debug|Win32
		{431AD243-570C-4658-8DDF-5D1BEFC558D0}.Debug|Win32.Build.0 = Debug|Win32
		{431AD243-570C-4658-8DDF-5D1BEFC558D0}.Release|Win32.ActiveCfg = Release|Win32
		{431AD243-570C-4658-8DDF-5D1BEFC558D0}.Release|Win32.Build.0 = Release|Win32
		{CA601276-B333-44A7-9300-3998F66F32AB}.Debug|Win32.ActiveCfg = Debug|Win32
		{CA601276-B333-44A7-9300-3998F66F32AB}.Debug|Win32.Build.0 = Debug|Win32
		{CA601276-B333-44A7-9300-3998F66F32AB}.Release|Win32.ActiveCfg = Release|Win32
		{CA601276-B333-44A7-9300-3998F66F32AB}.Release|Win32.Build.0 = Release|Win32
		{B9340611-349B-4FF7-A690-59E437393EB5}.Debug|Win32.ActiveCfg = Debug|Win32
		{B9340611-349B-4FF7-A690-59E437393EB5}.Debug|Win32.Build.0 = Debug|Win32
		{B9340611-349B-4FF7-A690-59E437393EB5}.Release|Win32.ActiveCfg = Release|Win32
		{B9340611-349B-4FF7-A690-59E437393EB5}.Release|Win32.Build.0 = Release|Win32
		{E01299CF-E68A-43FB-8FB9-12090DCC2AC5}.Debug|Win32.ActiveCfg = Debug|Win32
		{E01299CF-E68A-43FB-8FB9-12090DCC2AC5}.Debug|Win32.Build.0 = Debug|Win32
		{E01299CF-E68A-43FB-8FB9-12090DCC2AC5}.Release|Win32.ActiveCfg = Release|Win32
		{E01299CF-E68A-43FB-8FB9-12090DCC2AC5}.Release|Win32.Build.0 = Release|Win32
		{F2088FCF-C67B-4A9F-986A-2ABF61C9844D}.Debug|Win32.ActiveCfg = Debug|Win32
		{F2088FCF-C67B-4A9F-986A-2ABF61C9844D}.Debug|Win32.Build.0 = Debug|Win32
		{F2088FCF-C67B-4A9F-986A-2ABF61C9844D}.Release|Win32.ActiveCfg = Release|Win32
		{F2088FCF-C67B-4A9F-986A-2ABF61C9844D}.Release|Win32.Build.0 = Release|Win32
		{75B1701E-8CB4-431D-9D82-885266939A8B}.Debug|Win32.ActiveCfg = Debug|Win32
		{75B1701E-8CB4-431D-9D82-885266939A8B}.Debug|Win32.Build.0 = Debug|Win32
		{75B1701E-8CB4-431D-9D82-885266939A8B}.Release|Win32.ActiveCfg = Release|Win32
		{75B1701E-8CB4-431D-9D82-885266939A8B}.Release|Win32.Build.0 = Release|Win32
		{57CADB86-3AE2-48A7-A7B0-FA043156341D}.Debug|Win32.ActiveCfg = Debug|Win32
		{57CADB86-3AE2-48A7-A7B0-FA043156341D}.Debug|Win32.Build.0 = Debug|Win32
		{57CADB86-3AE2-48A7-A7B0-FA043156341D}.Release|Win32.ActiveCfg = Release|Win32
		{57CADB86-3AE2-48A7-A7B0-FA043156341D}.Release|Win32.Build.0 = Release|Win32
		{A3E51475-FC28-4235-AB8A-371073880D67}.Debug|Win32.ActiveCfg = Debug|Win32
		{A3E51475-FC28-4235-AB8A-371073880D67}.Debug|Win32.Build.0 = Debug|Win32
		{A3E51475-FC28-4235-AB8A-371073880D67}.Release|Win32.ActiveCfg = Release|Win32
		{A3E51475-FC28-4235-AB8A-371073880D67}.Release|Win32.Build.0 = Release|Win32
	EndGlobalSection
	GlobalSection(SolutionProperties) = preSolution
		HideSolutionNode = FALSE
	EndGlobalSection
	GlobalSection(NestedProjects) = preSolution
		{B2AF7A4A-E8E9-456F-BD92-5993B077942F} = {2597B59C-3B2F-4170-90B0-F4B3FEC32758}
		{7A9388FB-53F0-44B6-B470-6F0AAF9FD8E4} = {2597B59C-3B2F-4170-90B0-F4B3FEC32758}
		{87FB23E9-7619-419D-B52D-4E2BA1F90841} = {2597B59C-3B2F-4170-90B0-F4B3FEC32758}
		{E01299CF-E68A-43FB-8FB9-12090DCC2AC5} = {2597B59C-3B2F-4170-90B0-F4B3FEC32758}
		{F2088FCF-C67B-4A9F-986A-2ABF61C9844D} = {2597B59C-3B2F-4170-90B0-F4B3FEC32758}
		{75B1701E-8CB4-431D-9D82-885266939A8B} = {2597B59C-3B2F-4170-90B0-F4B3FEC32758}
		{57CADB86-3AE2-48A7-A7B0-FA043156341D} = {2597B59C-3B2F-4170-90B0-F4B3FEC32758}
		{A3E51475-FC28-4235-AB8A-371073880D67} = {2597B59C-3B2F-4170-90B0-F4B3FEC32758}
		{431AD243-570C-4658-8DDF-5D1BEFC558D0} = {E462766E-3885-460A-85B7-EBF3C0F0F334}
		{A8398864-1AD9-4CF3-8BDF-6B4D2B852698} = {E462766E-3885-460A-85B7-EBF3C0F0F334}
		{5FC71101-FC02-4903-A490-933307790410} = {3A7775D2-DF0D-45F8-8EFA-6BFA4D83EA25}
		{B9340611-349B-4FF7-A690-59E437393EB5} = {62929E2D-220F-4497-9E96-A25C279D906D}
	EndGlobalSection
EndGlobal
