<?xml version="1.0" encoding="utf-8"?>
<Project ToolsVersion="4.0" xmlns="http://schemas.microsoft.com/developer/msbuild/2003">
  <ItemGroup>
    <Filter Include="Source Files">
      <UniqueIdentifier>{4FC737F1-C7A5-4376-A066-2A32D752A2FF}</UniqueIdentifier>
      <Extensions>cpp;c;cc;cxx;def;odl;idl;hpj;bat;asm;asmx</Extensions>
    </Filter>
    <Filter Include="Header Files">
      <UniqueIdentifier>{93995380-89BD-4b04-88EB-625FBE52EBFB}</UniqueIdentifier>
      <Extensions>h;hpp;hxx;hm;inl;inc;xsd</Extensions>
    </Filter>
    <Filter Include="Resource Files">
      <UniqueIdentifier>{67DA6AB6-F800-4c08-8B7A-83BB121AAD01}</UniqueIdentifier>
      <Extensions>rc;ico;cur;bmp;dlg;rc2;rct;bin;rgs;gif;jpg;jpeg;jpe;resx;tiff;tif;png;wav;mfcribbon-ms</Extensions>
    </Filter>
    <Filter Include="Source Files\agg">
      <UniqueIdentifier>{a1538eb0-5ece-4bee-94bb-1047e64e9185}</UniqueIdentifier>
      <Extensions>cpp</Extensions>
    </Filter>
    <Filter Include="Header Files\wkt">
      <UniqueIdentifier>{2f47529e-e8bb-40ad-b63a-148cbf516ff7}</UniqueIdentifier>
      <Extensions>h;hpp;hxx</Extensions>
    </Filter>
    <Filter Include="Source Files\wkt">
      <UniqueIdentifier>{415fae1e-4d7c-4f28-b0da-a66f12ec0fca}</UniqueIdentifier>
      <Extensions>cpp</Extensions>
    </Filter>
    <Filter Include="Header Files\grid">
      <UniqueIdentifier>{96ea0177-f5b3-4b15-90c9-7b4e25415bfb}</UniqueIdentifier>
    </Filter>
    <Filter Include="Source Files\grid">
      <UniqueIdentifier>{ed86e586-a867-44d3-a397-c9bdef15a0d1}</UniqueIdentifier>
    </Filter>
    <Filter Include="Header Files\util">
      <UniqueIdentifier>{a7dd717c-f366-4ca4-8535-f9ad2986dae9}</UniqueIdentifier>
    </Filter>
    <Filter Include="Header Files\formatting">
      <UniqueIdentifier>{5fed1820-7c4c-46ce-8b7b-99fae2140f64}</UniqueIdentifier>
    </Filter>
    <Filter Include="Header Files\json">
      <UniqueIdentifier>{9a489563-640f-4f0f-9884-2d528ddfc783}</UniqueIdentifier>
    </Filter>
    <Filter Include="Header Files\text_placements">
      <UniqueIdentifier>{f534aacd-c353-4b08-840a-ef311ac24e07}</UniqueIdentifier>
    </Filter>
    <Filter Include="Source Files\formatting">
      <UniqueIdentifier>{e55f80b9-1e07-46fc-9446-abbfc33a395d}</UniqueIdentifier>
      <Extensions>cpp</Extensions>
    </Filter>
    <Filter Include="Source Files\json">
      <UniqueIdentifier>{e5c7c74e-7c9c-469e-a6ef-9430bafcbf9a}</UniqueIdentifier>
      <Extensions>cpp</Extensions>
    </Filter>
    <Filter Include="Source Files\text_placements">
      <UniqueIdentifier>{e4521f93-eee6-400f-b420-e3c168ed12bf}</UniqueIdentifier>
      <Extensions>cpp</Extensions>
    </Filter>
    <Filter Include="Source Files\svg">
      <UniqueIdentifier>{8c550441-0836-4758-9c1c-86a349a4eaeb}</UniqueIdentifier>
      <Extensions>cpp</Extensions>
    </Filter>
    <Filter Include="Header Files\svg">
      <UniqueIdentifier>{637f67b6-99d2-4814-87f7-8c8c226c8f83}</UniqueIdentifier>
      <Extensions>hpp</Extensions>
    </Filter>
  </ItemGroup>
  <ItemGroup>
    <ClInclude Include="..\..\include\mapnik\config.hpp">
      <Filter>Header Files</Filter>
    </ClInclude>
    <ClInclude Include="..\..\include\mapnik\coord.hpp">
      <Filter>Header Files</Filter>
    </ClInclude>
    <ClInclude Include="..\..\include\mapnik\config_error.hpp">
      <Filter>Header Files</Filter>
    </ClInclude>
    <ClInclude Include="..\..\include\mapnik\coord_array.hpp">
      <Filter>Header Files</Filter>
    </ClInclude>
    <ClInclude Include="..\..\include\mapnik\global.hpp">
      <Filter>Header Files</Filter>
    </ClInclude>
    <ClInclude Include="..\..\include\mapnik\enumeration.hpp">
      <Filter>Header Files</Filter>
    </ClInclude>
    <ClInclude Include="..\..\include\mapnik\vertex.hpp">
      <Filter>Header Files</Filter>
    </ClInclude>
    <ClInclude Include="..\..\include\mapnik\quad_tree.hpp">
      <Filter>Header Files</Filter>
    </ClInclude>
    <ClInclude Include="..\..\include\mapnik\utils.hpp">
      <Filter>Header Files</Filter>
    </ClInclude>
    <ClInclude Include="..\..\include\mapnik\octree.hpp">
      <Filter>Header Files</Filter>
    </ClInclude>
    <ClInclude Include="..\..\include\mapnik\box2d.hpp">
      <Filter>Header Files</Filter>
    </ClInclude>
    <ClInclude Include="..\..\include\mapnik\geom_util.hpp">
      <Filter>Header Files</Filter>
    </ClInclude>
    <ClInclude Include="..\..\include\mapnik\proj_transform.hpp">
      <Filter>Header Files</Filter>
    </ClInclude>
    <ClInclude Include="..\..\include\mapnik\projection.hpp">
      <Filter>Header Files</Filter>
    </ClInclude>
    <ClInclude Include="..\..\include\mapnik\agg_pattern_source.hpp">
      <Filter>Header Files</Filter>
    </ClInclude>
    <ClInclude Include="..\..\include\mapnik\agg_rasterizer.hpp">
      <Filter>Header Files</Filter>
    </ClInclude>
    <ClInclude Include="..\..\include\mapnik\agg_renderer.hpp">
      <Filter>Header Files</Filter>
    </ClInclude>
    <ClInclude Include="..\..\include\mapnik\attribute.hpp">
      <Filter>Header Files</Filter>
    </ClInclude>
    <ClInclude Include="..\..\include\mapnik\attribute_collector.hpp">
      <Filter>Header Files</Filter>
    </ClInclude>
    <ClInclude Include="..\..\include\mapnik\attribute_descriptor.hpp">
      <Filter>Header Files</Filter>
    </ClInclude>
    <ClInclude Include="..\..\include\mapnik\color.hpp">
      <Filter>Header Files</Filter>
    </ClInclude>
    <ClInclude Include="..\..\include\mapnik\color_factory.hpp">
      <Filter>Header Files</Filter>
    </ClInclude>
    <ClInclude Include="..\..\include\mapnik\css_color_grammar.hpp">
      <Filter>Header Files</Filter>
    </ClInclude>
    <ClInclude Include="..\..\include\mapnik\ctrans.hpp">
      <Filter>Header Files</Filter>
    </ClInclude>
    <ClInclude Include="..\..\include\mapnik\datasource.hpp">
      <Filter>Header Files</Filter>
    </ClInclude>
    <ClInclude Include="..\..\include\mapnik\datasource_cache.hpp">
      <Filter>Header Files</Filter>
    </ClInclude>
    <ClInclude Include="..\..\include\mapnik\distance.hpp">
      <Filter>Header Files</Filter>
    </ClInclude>
    <ClInclude Include="..\..\include\mapnik\ellipsoid.hpp">
      <Filter>Header Files</Filter>
    </ClInclude>
    <ClInclude Include="..\..\include\mapnik\expression_evaluator.hpp">
      <Filter>Header Files</Filter>
    </ClInclude>
    <ClInclude Include="..\..\include\mapnik\expression_grammar.hpp">
      <Filter>Header Files</Filter>
    </ClInclude>
    <ClInclude Include="..\..\include\mapnik\expression_node.hpp">
      <Filter>Header Files</Filter>
    </ClInclude>
    <ClInclude Include="..\..\include\mapnik\expression_string.hpp">
      <Filter>Header Files</Filter>
    </ClInclude>
    <ClInclude Include="..\..\include\mapnik\factory.hpp">
      <Filter>Header Files</Filter>
    </ClInclude>
    <ClInclude Include="..\..\include\mapnik\feature.hpp">
      <Filter>Header Files</Filter>
    </ClInclude>
    <ClInclude Include="..\..\include\mapnik\feature_factory.hpp">
      <Filter>Header Files</Filter>
    </ClInclude>
    <ClInclude Include="..\..\include\mapnik\feature_layer_desc.hpp">
      <Filter>Header Files</Filter>
    </ClInclude>
    <ClInclude Include="..\..\include\mapnik\feature_style_processor.hpp">
      <Filter>Header Files</Filter>
    </ClInclude>
    <ClInclude Include="..\..\include\mapnik\feature_type_style.hpp">
      <Filter>Header Files</Filter>
    </ClInclude>
    <ClInclude Include="..\..\include\mapnik\filter_factory.hpp">
      <Filter>Header Files</Filter>
    </ClInclude>
    <ClInclude Include="..\..\include\mapnik\filter_featureset.hpp">
      <Filter>Header Files</Filter>
    </ClInclude>
    <ClInclude Include="..\..\include\mapnik\font_engine_freetype.hpp">
      <Filter>Header Files</Filter>
    </ClInclude>
    <ClInclude Include="..\..\include\mapnik\font_set.hpp">
      <Filter>Header Files</Filter>
    </ClInclude>
    <ClInclude Include="..\..\include\mapnik\geometry.hpp">
      <Filter>Header Files</Filter>
    </ClInclude>
    <ClInclude Include="..\..\include\mapnik\gradient.hpp">
      <Filter>Header Files</Filter>
    </ClInclude>
    <ClInclude Include="..\..\include\mapnik\graphics.hpp">
      <Filter>Header Files</Filter>
    </ClInclude>
    <ClInclude Include="..\..\include\mapnik\hextree.hpp">
      <Filter>Header Files</Filter>
    </ClInclude>
    <ClInclude Include="..\..\include\mapnik\hit_test_filter.hpp">
      <Filter>Header Files</Filter>
    </ClInclude>
    <ClInclude Include="..\..\include\mapnik\image_data.hpp">
      <Filter>Header Files</Filter>
    </ClInclude>
    <ClInclude Include="..\..\include\mapnik\image_reader.hpp">
      <Filter>Header Files</Filter>
    </ClInclude>
    <ClInclude Include="..\..\include\mapnik\image_util.hpp">
      <Filter>Header Files</Filter>
    </ClInclude>
    <ClInclude Include="..\..\include\mapnik\image_view.hpp">
      <Filter>Header Files</Filter>
    </ClInclude>
    <ClInclude Include="..\..\include\mapnik\label_collision_detector.hpp">
      <Filter>Header Files</Filter>
    </ClInclude>
    <ClInclude Include="..\..\include\mapnik\layer.hpp">
      <Filter>Header Files</Filter>
    </ClInclude>
    <ClInclude Include="..\..\include\mapnik\line_pattern_symbolizer.hpp">
      <Filter>Header Files</Filter>
    </ClInclude>
    <ClInclude Include="..\..\include\mapnik\line_symbolizer.hpp">
      <Filter>Header Files</Filter>
    </ClInclude>
    <ClInclude Include="..\..\include\mapnik\load_map.hpp">
      <Filter>Header Files</Filter>
    </ClInclude>
    <ClInclude Include="..\..\include\mapnik\map.hpp">
      <Filter>Header Files</Filter>
    </ClInclude>
    <ClInclude Include="..\..\include\mapnik\mapped_memory_cache.hpp">
      <Filter>Header Files</Filter>
    </ClInclude>
    <ClInclude Include="..\..\include\mapnik\marker.hpp">
      <Filter>Header Files</Filter>
    </ClInclude>
    <ClInclude Include="..\..\include\mapnik\marker_cache.hpp">
      <Filter>Header Files</Filter>
    </ClInclude>
    <ClInclude Include="..\..\include\mapnik\markers_placement.hpp">
      <Filter>Header Files</Filter>
    </ClInclude>
    <ClInclude Include="..\..\include\mapnik\markers_symbolizer.hpp">
      <Filter>Header Files</Filter>
    </ClInclude>
    <ClInclude Include="..\..\include\mapnik\memory.hpp">
      <Filter>Header Files</Filter>
    </ClInclude>
    <ClInclude Include="..\..\include\mapnik\memory_datasource.hpp">
      <Filter>Header Files</Filter>
    </ClInclude>
    <ClInclude Include="..\..\include\mapnik\memory_featureset.hpp">
      <Filter>Header Files</Filter>
    </ClInclude>
    <ClInclude Include="..\..\include\mapnik\params.hpp">
      <Filter>Header Files</Filter>
    </ClInclude>
    <ClInclude Include="..\..\include\mapnik\parse_path.hpp">
      <Filter>Header Files</Filter>
    </ClInclude>
    <ClInclude Include="..\..\include\mapnik\path_expression_grammar.hpp">
      <Filter>Header Files</Filter>
    </ClInclude>
    <ClInclude Include="..\..\include\mapnik\placement_finder.hpp">
      <Filter>Header Files</Filter>
    </ClInclude>
    <ClInclude Include="..\..\include\mapnik\plugin.hpp">
      <Filter>Header Files</Filter>
    </ClInclude>
    <ClInclude Include="..\..\include\mapnik\png_io.hpp">
      <Filter>Header Files</Filter>
    </ClInclude>
    <ClInclude Include="..\..\include\mapnik\point_symbolizer.hpp">
      <Filter>Header Files</Filter>
    </ClInclude>
    <ClInclude Include="..\..\include\mapnik\polygon_pattern_symbolizer.hpp">
      <Filter>Header Files</Filter>
    </ClInclude>
    <ClInclude Include="..\..\include\mapnik\polygon_symbolizer.hpp">
      <Filter>Header Files</Filter>
    </ClInclude>
    <ClInclude Include="..\..\include\mapnik\pool.hpp">
      <Filter>Header Files</Filter>
    </ClInclude>
    <ClInclude Include="..\..\include\mapnik\ptree_helpers.hpp">
      <Filter>Header Files</Filter>
    </ClInclude>
    <ClInclude Include="..\..\include\mapnik\query.hpp">
      <Filter>Header Files</Filter>
    </ClInclude>
    <ClInclude Include="..\..\include\mapnik\raster.hpp">
      <Filter>Header Files</Filter>
    </ClInclude>
    <ClInclude Include="..\..\include\mapnik\raster_colorizer.hpp">
      <Filter>Header Files</Filter>
    </ClInclude>
    <ClInclude Include="..\..\include\mapnik\raster_symbolizer.hpp">
      <Filter>Header Files</Filter>
    </ClInclude>
    <ClInclude Include="..\..\include\mapnik\rule.hpp">
      <Filter>Header Files</Filter>
    </ClInclude>
    <ClInclude Include="..\..\include\mapnik\save_map.hpp">
      <Filter>Header Files</Filter>
    </ClInclude>
    <ClInclude Include="..\..\include\mapnik\scale_denominator.hpp">
      <Filter>Header Files</Filter>
    </ClInclude>
    <ClInclude Include="..\..\include\mapnik\segment.hpp">
      <Filter>Header Files</Filter>
    </ClInclude>
    <ClInclude Include="..\..\include\mapnik\shield_symbolizer.hpp">
      <Filter>Header Files</Filter>
    </ClInclude>
    <ClInclude Include="..\..\include\mapnik\sql_utils.hpp">
      <Filter>Header Files</Filter>
    </ClInclude>
    <ClInclude Include="..\..\include\mapnik\stroke.hpp">
      <Filter>Header Files</Filter>
    </ClInclude>
    <ClInclude Include="..\..\include\mapnik\symbolizer.hpp">
      <Filter>Header Files</Filter>
    </ClInclude>
    <ClInclude Include="..\..\include\mapnik\text_path.hpp">
      <Filter>Header Files</Filter>
    </ClInclude>
    <ClInclude Include="..\..\include\mapnik\text_symbolizer.hpp">
      <Filter>Header Files</Filter>
    </ClInclude>
    <ClInclude Include="..\..\include\mapnik\unicode.hpp">
      <Filter>Header Files</Filter>
    </ClInclude>
    <ClInclude Include="..\..\include\mapnik\value.hpp">
      <Filter>Header Files</Filter>
    </ClInclude>
    <ClInclude Include="..\..\include\mapnik\value_error.hpp">
      <Filter>Header Files</Filter>
    </ClInclude>
    <ClInclude Include="..\..\include\mapnik\version.hpp">
      <Filter>Header Files</Filter>
    </ClInclude>
    <ClInclude Include="..\..\include\mapnik\vertex_vector.hpp">
      <Filter>Header Files</Filter>
    </ClInclude>
    <ClInclude Include="..\..\include\mapnik\wkb.hpp">
      <Filter>Header Files</Filter>
    </ClInclude>
    <ClInclude Include="..\..\include\mapnik\wkt\wkt_factory.hpp">
      <Filter>Header Files\wkt</Filter>
    </ClInclude>
    <ClInclude Include="..\..\include\mapnik\wkt\wkt_grammar.hpp">
      <Filter>Header Files\wkt</Filter>
    </ClInclude>
    <ClInclude Include="..\..\include\mapnik\fastmath.hpp">
      <Filter>Header Files</Filter>
    </ClInclude>
    <ClInclude Include="..\..\include\mapnik\image_compositing.hpp">
      <Filter>Header Files</Filter>
    </ClInclude>
    <ClInclude Include="..\..\include\mapnik\palette.hpp">
      <Filter>Header Files</Filter>
    </ClInclude>
    <ClInclude Include="..\..\include\mapnik\timer.hpp">
      <Filter>Header Files</Filter>
    </ClInclude>
    <ClInclude Include="..\..\include\mapnik\well_known_srs.hpp">
      <Filter>Header Files</Filter>
    </ClInclude>
    <ClInclude Include="..\..\include\mapnik\warp.hpp">
      <Filter>Header Files</Filter>
    </ClInclude>
    <ClInclude Include="..\..\include\mapnik\grid\grid.hpp">
      <Filter>Header Files\grid</Filter>
    </ClInclude>
    <ClInclude Include="..\..\include\mapnik\grid\grid_pixel.hpp">
      <Filter>Header Files\grid</Filter>
    </ClInclude>
    <ClInclude Include="..\..\include\mapnik\grid\grid_pixfmt.hpp">
      <Filter>Header Files\grid</Filter>
    </ClInclude>
    <ClInclude Include="..\..\include\mapnik\grid\grid_rasterizer.hpp">
      <Filter>Header Files\grid</Filter>
    </ClInclude>
    <ClInclude Include="..\..\include\mapnik\grid\grid_renderer.hpp">
      <Filter>Header Files\grid</Filter>
    </ClInclude>
    <ClInclude Include="..\..\include\mapnik\grid\grid_rendering_buffer.hpp">
      <Filter>Header Files\grid</Filter>
    </ClInclude>
    <ClInclude Include="..\..\include\mapnik\grid\grid_util.hpp">
      <Filter>Header Files\grid</Filter>
    </ClInclude>
    <ClInclude Include="..\..\include\mapnik\grid\grid_view.hpp">
      <Filter>Header Files\grid</Filter>
    </ClInclude>
    <ClInclude Include="..\..\include\mapnik\util\container_adapter.hpp">
      <Filter>Header Files\util</Filter>
    </ClInclude>
    <ClInclude Include="..\..\include\mapnik\util\deepcopy.hpp">
      <Filter>Header Files\util</Filter>
    </ClInclude>
    <ClInclude Include="..\..\include\mapnik\util\geometry_svg_generator.hpp">
      <Filter>Header Files\util</Filter>
    </ClInclude>
    <ClInclude Include="..\..\include\mapnik\util\geometry_to_wkb.hpp">
      <Filter>Header Files\util</Filter>
    </ClInclude>
    <ClInclude Include="..\..\include\mapnik\util\geometry_to_wkt.hpp">
      <Filter>Header Files\util</Filter>
    </ClInclude>
    <ClInclude Include="..\..\include\mapnik\util\geometry_wkt_generator.hpp">
      <Filter>Header Files\util</Filter>
    </ClInclude>
    <ClInclude Include="..\..\include\mapnik\building_symbolizer.hpp">
      <Filter>Header Files</Filter>
    </ClInclude>
    <ClInclude Include="..\..\include\mapnik\feature_kv_iterator.hpp">
      <Filter>Header Files</Filter>
    </ClInclude>
    <ClInclude Include="..\..\include\mapnik\gamma_method.hpp">
      <Filter>Header Files</Filter>
    </ClInclude>
    <ClInclude Include="..\..\include\mapnik\formatting\base.hpp">
      <Filter>Header Files\formatting</Filter>
    </ClInclude>
    <ClInclude Include="..\..\include\mapnik\formatting\format.hpp">
      <Filter>Header Files\formatting</Filter>
    </ClInclude>
    <ClInclude Include="..\..\include\mapnik\formatting\list.hpp">
      <Filter>Header Files\formatting</Filter>
    </ClInclude>
    <ClInclude Include="..\..\include\mapnik\formatting\registry.hpp">
      <Filter>Header Files\formatting</Filter>
    </ClInclude>
    <ClInclude Include="..\..\include\mapnik\formatting\text.hpp">
      <Filter>Header Files\formatting</Filter>
    </ClInclude>
    <ClInclude Include="..\..\include\mapnik\json\feature_collection_grammar.hpp">
      <Filter>Header Files\json</Filter>
    </ClInclude>
    <ClInclude Include="..\..\include\mapnik\json\feature_collection_parser.hpp">
      <Filter>Header Files\json</Filter>
    </ClInclude>
    <ClInclude Include="..\..\include\mapnik\json\feature_generator_grammar.hpp">
      <Filter>Header Files\json</Filter>
    </ClInclude>
    <ClInclude Include="..\..\include\mapnik\json\feature_grammar.hpp">
      <Filter>Header Files\json</Filter>
    </ClInclude>
    <ClInclude Include="..\..\include\mapnik\json\geojson_generator.hpp">
      <Filter>Header Files\json</Filter>
    </ClInclude>
    <ClInclude Include="..\..\include\mapnik\json\geometry_generator_grammar.hpp">
      <Filter>Header Files\json</Filter>
    </ClInclude>
    <ClInclude Include="..\..\include\mapnik\text_placements\base.hpp">
      <Filter>Header Files\text_placements</Filter>
    </ClInclude>
    <ClInclude Include="..\..\include\mapnik\text_placements\dummy.hpp">
      <Filter>Header Files\text_placements</Filter>
    </ClInclude>
    <ClInclude Include="..\..\include\mapnik\text_placements\list.hpp">
      <Filter>Header Files\text_placements</Filter>
    </ClInclude>
    <ClInclude Include="..\..\include\mapnik\text_placements\registry.hpp">
      <Filter>Header Files\text_placements</Filter>
    </ClInclude>
    <ClInclude Include="..\..\include\mapnik\text_placements\simple.hpp">
      <Filter>Header Files\text_placements</Filter>
    </ClInclude>
    <ClInclude Include="..\..\include\mapnik\util\geometry_to_ds_type.hpp">
      <Filter>Header Files\util</Filter>
    </ClInclude>
    <ClInclude Include="..\..\include\mapnik\text_properties.hpp">
      <Filter>Header Files</Filter>
    </ClInclude>
    <ClInclude Include="..\..\include\mapnik\agg_helpers.hpp">
      <Filter>Header Files</Filter>
    </ClInclude>
    <ClInclude Include="..\..\include\mapnik\boolean.hpp">
      <Filter>Header Files</Filter>
    </ClInclude>
    <ClInclude Include="..\..\include\mapnik\xml_loader.hpp">
      <Filter>Header Files</Filter>
    </ClInclude>
    <ClInclude Include="..\..\include\mapnik\xml_node.hpp">
      <Filter>Header Files</Filter>
    </ClInclude>
    <ClInclude Include="..\..\include\mapnik\xml_tree.hpp">
      <Filter>Header Files</Filter>
    </ClInclude>
    <ClInclude Include="..\..\include\mapnik\debug.hpp">
      <Filter>Header Files</Filter>
    </ClInclude>
    <ClInclude Include="..\..\include\mapnik\util\dasharray_parser.hpp">
      <Filter>Header Files\util</Filter>
    </ClInclude>
    <ClInclude Include="..\..\include\mapnik\util\conversions.hpp">
      <Filter>Header Files\util</Filter>
    </ClInclude>
    <ClInclude Include="..\..\include\mapnik\image_filter.hpp">
      <Filter>Header Files</Filter>
    </ClInclude>
    <ClInclude Include="..\..\include\mapnik\image_filter_types.hpp">
      <Filter>Header Files</Filter>
    </ClInclude>
    <ClInclude Include="..\..\include\mapnik\offset_converter.hpp">
      <Filter>Header Files</Filter>
    </ClInclude>
    <ClInclude Include="..\..\include\mapnik\span_image_filter.hpp">
      <Filter>Header Files</Filter>
    </ClInclude>
    <ClInclude Include="..\..\include\mapnik\image_scaling.hpp">
      <Filter>Header Files</Filter>
    </ClInclude>
    <ClInclude Include="..\..\include\mapnik\image_filter_grammar.hpp">
      <Filter>Header Files</Filter>
    </ClInclude>
    <ClInclude Include="..\..\include\mapnik\util\geometry_to_svg.hpp">
      <Filter>Header Files\util</Filter>
    </ClInclude>
    <ClInclude Include="..\..\include\mapnik\debug_symbolizer.hpp">
      <Filter>Header Files</Filter>
    </ClInclude>
    <ClInclude Include="..\..\include\mapnik\simplify.hpp">
      <Filter>Header Files</Filter>
    </ClInclude>
    <ClInclude Include="..\..\include\mapnik\simplify_converter.hpp">
      <Filter>Header Files</Filter>
    </ClInclude>
    <ClInclude Include="..\..\include\mapnik\util\path_iterator.hpp">
      <Filter>Header Files\util</Filter>
    </ClInclude>
    <ClInclude Include="..\..\include\mapnik\svg\svg_converter.hpp">
      <Filter>Header Files\svg</Filter>
    </ClInclude>
    <ClInclude Include="..\..\include\mapnik\svg\svg_parser.hpp">
      <Filter>Header Files\svg</Filter>
    </ClInclude>
    <ClInclude Include="..\..\include\mapnik\svg\svg_path_adapter.hpp">
      <Filter>Header Files\svg</Filter>
    </ClInclude>
    <ClInclude Include="..\..\include\mapnik\svg\svg_path_attributes.hpp">
      <Filter>Header Files\svg</Filter>
    </ClInclude>
    <ClInclude Include="..\..\include\mapnik\svg\svg_path_commands.hpp">
      <Filter>Header Files\svg</Filter>
    </ClInclude>
    <ClInclude Include="..\..\include\mapnik\svg\svg_path_grammar.hpp">
      <Filter>Header Files\svg</Filter>
    </ClInclude>
    <ClInclude Include="..\..\include\mapnik\svg\svg_path_parser.hpp">
      <Filter>Header Files\svg</Filter>
    </ClInclude>
    <ClInclude Include="..\..\include\mapnik\svg\svg_points_grammar.hpp">
      <Filter>Header Files\svg</Filter>
    </ClInclude>
    <ClInclude Include="..\..\include\mapnik\svg\svg_renderer_agg.hpp">
      <Filter>Header Files\svg</Filter>
    </ClInclude>
    <ClInclude Include="..\..\include\mapnik\svg\svg_storage.hpp">
      <Filter>Header Files\svg</Filter>
    </ClInclude>
    <ClInclude Include="..\..\include\mapnik\svg\svg_transform_grammar.hpp">
      <Filter>Header Files\svg</Filter>
    </ClInclude>
    <ClInclude Include="..\..\include\mapnik\request.hpp">
      <Filter>Header Files</Filter>
    </ClInclude>
    <ClInclude Include="..\..\include\mapnik\hash_variant.hpp">
      <Filter>Header Files</Filter>
    </ClInclude>
    <ClInclude Include="..\..\include\mapnik\polygon_clipper.hpp">
      <Filter>Header Files</Filter>
    </ClInclude>
    <ClInclude Include="..\..\include\mapnik\util\hsl.hpp">
      <Filter>Header Files\util</Filter>
    </ClInclude>
    <ClInclude Include="..\..\include\mapnik\symbolizer_hash.hpp">
      <Filter>Header Files</Filter>
    </ClInclude>
    <ClInclude Include="..\..\include\mapnik\rule_cache.hpp">
      <Filter>Header Files</Filter>
    </ClInclude>
    <ClInclude Include="..\..\include\mapnik\util\fs.hpp">
      <Filter>Header Files\util</Filter>
    </ClInclude>
    <ClInclude Include="..\..\include\mapnik\cairo_context.hpp">
      <Filter>Header Files</Filter>
    </ClInclude>
    <ClInclude Include="..\..\include\mapnik\cairo_renderer.hpp">
      <Filter>Header Files</Filter>
    </ClInclude>
    <ClInclude Include="..\..\deps\clipper\include\clipper.hpp">
      <Filter>Header Files</Filter>
    </ClInclude>
  </ItemGroup>
  <ItemGroup>
    <ClCompile Include="..\..\src\box2d.cpp">
      <Filter>Source Files</Filter>
    </ClCompile>
    <ClCompile Include="..\..\src\color.cpp">
      <Filter>Source Files</Filter>
    </ClCompile>
    <ClCompile Include="..\..\src\datasource_cache.cpp">
      <Filter>Source Files</Filter>
    </ClCompile>
    <ClCompile Include="..\..\src\distance.cpp">
      <Filter>Source Files</Filter>
    </ClCompile>
    <ClCompile Include="..\..\src\expression_string.cpp">
      <Filter>Source Files</Filter>
    </ClCompile>
    <ClCompile Include="..\..\src\feature_type_style.cpp">
      <Filter>Source Files</Filter>
    </ClCompile>
    <ClCompile Include="..\..\src\font_engine_freetype.cpp">
      <Filter>Source Files</Filter>
    </ClCompile>
    <ClCompile Include="..\..\src\font_set.cpp">
      <Filter>Source Files</Filter>
    </ClCompile>
    <ClCompile Include="..\..\src\gradient.cpp">
      <Filter>Source Files</Filter>
    </ClCompile>
    <ClCompile Include="..\..\src\graphics.cpp">
      <Filter>Source Files</Filter>
    </ClCompile>
    <ClCompile Include="..\..\src\image_reader.cpp">
      <Filter>Source Files</Filter>
    </ClCompile>
    <ClCompile Include="..\..\src\image_util.cpp">
      <Filter>Source Files</Filter>
    </ClCompile>
    <ClCompile Include="..\..\src\layer.cpp">
      <Filter>Source Files</Filter>
    </ClCompile>
    <ClCompile Include="..\..\src\line_pattern_symbolizer.cpp">
      <Filter>Source Files</Filter>
    </ClCompile>
    <ClCompile Include="..\..\src\load_map.cpp">
      <Filter>Source Files</Filter>
    </ClCompile>
    <ClCompile Include="..\..\src\map.cpp">
      <Filter>Source Files</Filter>
    </ClCompile>
    <ClCompile Include="..\..\src\mapped_memory_cache.cpp">
      <Filter>Source Files</Filter>
    </ClCompile>
    <ClCompile Include="..\..\src\marker_cache.cpp">
      <Filter>Source Files</Filter>
    </ClCompile>
    <ClCompile Include="..\..\src\markers_symbolizer.cpp">
      <Filter>Source Files</Filter>
    </ClCompile>
    <ClCompile Include="..\..\src\memory.cpp">
      <Filter>Source Files</Filter>
    </ClCompile>
    <ClCompile Include="..\..\src\memory_datasource.cpp">
      <Filter>Source Files</Filter>
    </ClCompile>
    <ClCompile Include="..\..\src\parse_path.cpp">
      <Filter>Source Files</Filter>
    </ClCompile>
    <ClCompile Include="..\..\src\placement_finder.cpp">
      <Filter>Source Files</Filter>
    </ClCompile>
    <ClCompile Include="..\..\src\plugin.cpp">
      <Filter>Source Files</Filter>
    </ClCompile>
    <ClCompile Include="..\..\src\png_reader.cpp">
      <Filter>Source Files</Filter>
    </ClCompile>
    <ClCompile Include="..\..\src\point_symbolizer.cpp">
      <Filter>Source Files</Filter>
    </ClCompile>
    <ClCompile Include="..\..\src\polygon_pattern_symbolizer.cpp">
      <Filter>Source Files</Filter>
    </ClCompile>
    <ClCompile Include="..\..\src\proj_transform.cpp">
      <Filter>Source Files</Filter>
    </ClCompile>
    <ClCompile Include="..\..\src\projection.cpp">
      <Filter>Source Files</Filter>
    </ClCompile>
    <ClCompile Include="..\..\src\raster_colorizer.cpp">
      <Filter>Source Files</Filter>
    </ClCompile>
    <ClCompile Include="..\..\src\save_map.cpp">
      <Filter>Source Files</Filter>
    </ClCompile>
    <ClCompile Include="..\..\src\scale_denominator.cpp">
      <Filter>Source Files</Filter>
    </ClCompile>
    <ClCompile Include="..\..\src\shield_symbolizer.cpp">
      <Filter>Source Files</Filter>
    </ClCompile>
    <ClCompile Include="..\..\src\stroke.cpp">
      <Filter>Source Files</Filter>
    </ClCompile>
    <ClCompile Include="..\..\src\symbolizer.cpp">
      <Filter>Source Files</Filter>
    </ClCompile>
    <ClCompile Include="..\..\src\text_symbolizer.cpp">
      <Filter>Source Files</Filter>
    </ClCompile>
    <ClCompile Include="..\..\src\unicode.cpp">
      <Filter>Source Files</Filter>
    </ClCompile>
    <ClCompile Include="..\..\src\wkb.cpp">
      <Filter>Source Files</Filter>
    </ClCompile>
    <ClCompile Include="..\..\src\agg\agg_renderer.cpp">
      <Filter>Source Files\agg</Filter>
    </ClCompile>
    <ClCompile Include="..\..\src\agg\process_building_symbolizer.cpp">
      <Filter>Source Files\agg</Filter>
    </ClCompile>
    <ClCompile Include="..\..\src\agg\process_line_pattern_symbolizer.cpp">
      <Filter>Source Files\agg</Filter>
    </ClCompile>
    <ClCompile Include="..\..\src\agg\process_line_symbolizer.cpp">
      <Filter>Source Files\agg</Filter>
    </ClCompile>
    <ClCompile Include="..\..\src\agg\process_markers_symbolizer.cpp">
      <Filter>Source Files\agg</Filter>
    </ClCompile>
    <ClCompile Include="..\..\src\agg\process_point_symbolizer.cpp">
      <Filter>Source Files\agg</Filter>
    </ClCompile>
    <ClCompile Include="..\..\src\agg\process_polygon_pattern_symbolizer.cpp">
      <Filter>Source Files\agg</Filter>
    </ClCompile>
    <ClCompile Include="..\..\src\agg\process_polygon_symbolizer.cpp">
      <Filter>Source Files\agg</Filter>
    </ClCompile>
    <ClCompile Include="..\..\src\agg\process_raster_symbolizer.cpp">
      <Filter>Source Files\agg</Filter>
    </ClCompile>
    <ClCompile Include="..\..\src\agg\process_shield_symbolizer.cpp">
      <Filter>Source Files\agg</Filter>
    </ClCompile>
    <ClCompile Include="..\..\src\agg\process_text_symbolizer.cpp">
      <Filter>Source Files\agg</Filter>
    </ClCompile>
    <ClCompile Include="..\..\src\wkt\wkt_factory.cpp">
      <Filter>Source Files\wkt</Filter>
    </ClCompile>
    <ClCompile Include="..\..\src\wkt\wkt_generator.cpp">
      <Filter>Source Files\wkt</Filter>
    </ClCompile>
    <ClCompile Include="..\..\src\libxml2_loader.cpp">
      <Filter>Source Files</Filter>
    </ClCompile>
    <ClCompile Include="..\..\src\feature_style_processor.cpp">
      <Filter>Source Files</Filter>
    </ClCompile>
    <ClCompile Include="..\..\src\line_symbolizer.cpp">
      <Filter>Source Files</Filter>
    </ClCompile>
    <ClCompile Include="..\..\src\palette.cpp">
      <Filter>Source Files</Filter>
    </ClCompile>
    <ClCompile Include="..\..\src\well_known_srs.cpp">
      <Filter>Source Files</Filter>
    </ClCompile>
    <ClCompile Include="..\..\src\warp.cpp">
      <Filter>Source Files</Filter>
    </ClCompile>
    <ClCompile Include="..\..\src\grid\grid_renderer.cpp">
      <Filter>Source Files\grid</Filter>
    </ClCompile>
    <ClCompile Include="..\..\src\grid\process_building_symbolizer.cpp">
      <Filter>Source Files\grid</Filter>
    </ClCompile>
    <ClCompile Include="..\..\src\grid\process_line_pattern_symbolizer.cpp">
      <Filter>Source Files\grid</Filter>
    </ClCompile>
    <ClCompile Include="..\..\src\grid\process_line_symbolizer.cpp">
      <Filter>Source Files\grid</Filter>
    </ClCompile>
    <ClCompile Include="..\..\src\grid\process_markers_symbolizer.cpp">
      <Filter>Source Files\grid</Filter>
    </ClCompile>
    <ClCompile Include="..\..\src\grid\process_point_symbolizer.cpp">
      <Filter>Source Files\grid</Filter>
    </ClCompile>
    <ClCompile Include="..\..\src\grid\process_polygon_pattern_symbolizer.cpp">
      <Filter>Source Files\grid</Filter>
    </ClCompile>
    <ClCompile Include="..\..\src\grid\process_polygon_symbolizer.cpp">
      <Filter>Source Files\grid</Filter>
    </ClCompile>
    <ClCompile Include="..\..\src\grid\process_raster_symbolizer.cpp">
      <Filter>Source Files\grid</Filter>
    </ClCompile>
    <ClCompile Include="..\..\src\grid\process_shield_symbolizer.cpp">
      <Filter>Source Files\grid</Filter>
    </ClCompile>
    <ClCompile Include="..\..\src\grid\process_text_symbolizer.cpp">
      <Filter>Source Files\grid</Filter>
    </ClCompile>
    <ClCompile Include="..\..\src\deepcopy.cpp">
      <Filter>Source Files</Filter>
    </ClCompile>
    <ClCompile Include="..\..\src\symbolizer_helpers.cpp">
      <Filter>Source Files</Filter>
    </ClCompile>
    <ClCompile Include="..\..\src\polygon_symbolizer.cpp">
      <Filter>Source Files</Filter>
    </ClCompile>
    <ClCompile Include="..\..\src\building_symbolizer.cpp">
      <Filter>Source Files</Filter>
    </ClCompile>
    <ClCompile Include="..\..\src\feature_kv_iterator.cpp">
      <Filter>Source Files</Filter>
    </ClCompile>
    <ClCompile Include="..\..\src\gamma_method.cpp">
      <Filter>Source Files</Filter>
    </ClCompile>
    <ClCompile Include="..\..\src\formatting\base.cpp">
      <Filter>Source Files\formatting</Filter>
    </ClCompile>
    <ClCompile Include="..\..\src\formatting\expression.cpp">
      <Filter>Source Files\formatting</Filter>
    </ClCompile>
    <ClCompile Include="..\..\src\formatting\format.cpp">
      <Filter>Source Files\formatting</Filter>
    </ClCompile>
    <ClCompile Include="..\..\src\formatting\list.cpp">
      <Filter>Source Files\formatting</Filter>
    </ClCompile>
    <ClCompile Include="..\..\src\formatting\registry.cpp">
      <Filter>Source Files\formatting</Filter>
    </ClCompile>
    <ClCompile Include="..\..\src\formatting\text.cpp">
      <Filter>Source Files\formatting</Filter>
    </ClCompile>
    <ClCompile Include="..\..\src\json\feature_collection_parser.cpp">
      <Filter>Source Files\json</Filter>
    </ClCompile>
    <ClCompile Include="..\..\src\json\geojson_generator.cpp">
      <Filter>Source Files\json</Filter>
    </ClCompile>
    <ClCompile Include="..\..\src\json\geometry_grammar.cpp">
      <Filter>Source Files\json</Filter>
    </ClCompile>
    <ClCompile Include="..\..\src\json\geometry_parser.cpp">
      <Filter>Source Files\json</Filter>
    </ClCompile>
    <ClCompile Include="..\..\src\text_placements\base.cpp">
      <Filter>Source Files\text_placements</Filter>
    </ClCompile>
    <ClCompile Include="..\..\src\text_placements\dummy.cpp">
      <Filter>Source Files\text_placements</Filter>
    </ClCompile>
    <ClCompile Include="..\..\src\text_placements\list.cpp">
      <Filter>Source Files\text_placements</Filter>
    </ClCompile>
    <ClCompile Include="..\..\src\text_placements\registry.cpp">
      <Filter>Source Files\text_placements</Filter>
    </ClCompile>
    <ClCompile Include="..\..\src\text_placements\simple.cpp">
      <Filter>Source Files\text_placements</Filter>
    </ClCompile>
    <ClCompile Include="..\..\src\processed_text.cpp">
      <Filter>Source Files</Filter>
    </ClCompile>
    <ClCompile Include="..\..\src\text_properties.cpp">
      <Filter>Source Files</Filter>
    </ClCompile>
    <ClCompile Include="..\..\src\expression.cpp">
      <Filter>Source Files</Filter>
    </ClCompile>
    <ClCompile Include="..\..\src\conversions.cpp">
      <Filter>Source Files</Filter>
    </ClCompile>
    <ClCompile Include="..\..\src\config_error.cpp">
      <Filter>Source Files</Filter>
    </ClCompile>
    <ClCompile Include="..\..\src\image_compositing.cpp">
      <Filter>Source Files</Filter>
    </ClCompile>
    <ClCompile Include="..\..\src\debug.cpp">
      <Filter>Source Files</Filter>
    </ClCompile>
    <ClCompile Include="..\..\src\parse_transform.cpp">
      <Filter>Source Files</Filter>
    </ClCompile>
    <ClCompile Include="..\..\src\transform_expression.cpp">
      <Filter>Source Files</Filter>
    </ClCompile>
    <ClCompile Include="..\..\src\image_scaling.cpp">
      <Filter>Source Files</Filter>
    </ClCompile>
    <ClCompile Include="..\..\src\grid\grid.cpp">
      <Filter>Source Files\grid</Filter>
    </ClCompile>
    <ClCompile Include="..\..\src\css_color_grammar.cpp">
      <Filter>Source Files</Filter>
    </ClCompile>
    <ClCompile Include="..\..\src\expression_grammar.cpp">
      <Filter>Source Files</Filter>
    </ClCompile>
    <ClCompile Include="..\..\src\expression_node.cpp">
      <Filter>Source Files</Filter>
    </ClCompile>
    <ClCompile Include="..\..\src\path_expression_grammar.cpp">
      <Filter>Source Files</Filter>
    </ClCompile>
    <ClCompile Include="..\..\src\transform_expression_grammar.cpp">
      <Filter>Source Files</Filter>
    </ClCompile>
    <ClCompile Include="..\..\src\json\feature_grammar.cpp">
      <Filter>Source Files\json</Filter>
    </ClCompile>
    <ClCompile Include="..\..\src\image_filter_grammar.cpp">
      <Filter>Source Files</Filter>
    </ClCompile>
    <ClCompile Include="..\..\src\jpeg_reader.cpp">
      <Filter>Source Files</Filter>
    </ClCompile>
    <ClCompile Include="..\..\src\tiff_reader.cpp">
      <Filter>Source Files</Filter>
    </ClCompile>
    <ClCompile Include="..\..\src\raster_symbolizer.cpp">
      <Filter>Source Files</Filter>
    </ClCompile>
    <ClCompile Include="..\..\src\rule.cpp">
      <Filter>Source Files</Filter>
    </ClCompile>
    <ClCompile Include="..\..\src\simplify.cpp">
      <Filter>Source Files</Filter>
    </ClCompile>
    <ClCompile Include="..\..\src\agg\process_debug_symbolizer.cpp">
      <Filter>Source Files\agg</Filter>
    </ClCompile>
    <ClCompile Include="..\..\src\color_factory.cpp">
      <Filter>Source Files</Filter>
    </ClCompile>
    <ClCompile Include="..\..\src\svg\svg_parser.cpp">
      <Filter>Source Files\svg</Filter>
    </ClCompile>
    <ClCompile Include="..\..\src\svg\svg_path_parser.cpp">
      <Filter>Source Files\svg</Filter>
    </ClCompile>
    <ClCompile Include="..\..\src\svg\svg_points_parser.cpp">
      <Filter>Source Files\svg</Filter>
    </ClCompile>
    <ClCompile Include="..\..\src\svg\svg_transform_parser.cpp">
      <Filter>Source Files\svg</Filter>
    </ClCompile>
    <ClCompile Include="..\..\src\image_filter_types.cpp">
      <Filter>Source Files</Filter>
    </ClCompile>
    <ClCompile Include="..\..\src\miniz_png.cpp">
      <Filter>Source Files</Filter>
    </ClCompile>
    <ClCompile Include="..\..\src\params.cpp">
      <Filter>Source Files</Filter>
    </ClCompile>
    <ClCompile Include="..\..\src\xml_tree.cpp">
      <Filter>Source Files</Filter>
    </ClCompile>
    <ClCompile Include="..\..\src\request.cpp">
      <Filter>Source Files</Filter>
    </ClCompile>
    <ClCompile Include="..\..\src\debug_symbolizer.cpp">
      <Filter>Source Files</Filter>
    </ClCompile>
    <ClCompile Include="..\..\src\utils.cpp">
      <Filter>Source Files</Filter>
    </ClCompile>
    <ClCompile Include="..\..\src\fs.cpp">
      <Filter>Source Files</Filter>
    </ClCompile>
    <ClCompile Include="..\..\src\cairo_context.cpp">
      <Filter>Source Files</Filter>
    </ClCompile>
    <ClCompile Include="..\..\src\cairo_renderer.cpp">
      <Filter>Source Files</Filter>
    </ClCompile>
    <ClCompile Include="..\..\deps\clipper\src\clipper.cpp">
      <Filter>Source Files</Filter>
    </ClCompile>
  </ItemGroup>
  <ItemGroup>
    <ResourceCompile Include="mapnik.rc">
      <Filter>Resource Files</Filter>
    </ResourceCompile>
  </ItemGroup>
</Project>